
Microsoft Visual Studio Solution File, Format Version 12.00
# Visual Studio Version 17
VisualStudioVersion = 17.14.36429.23 d17.14
MinimumVisualStudioVersion = 10.0.40219.1
Project("{2150E333-8FDC-42A3-9474-1A3956D46DE8}") = "Task0", "Task0", "{02EA681E-C7D8-13C7-8484-4AC65E1B71E8}"
EndProject
Project("{2150E333-8FDC-42A3-9474-1A3956D46DE8}") = "Task1", "Task1", "{15B11D65-B2D5-4761-8EF3-2B67E33BD304}"
EndProject
Project("{2150E333-8FDC-42A3-9474-1A3956D46DE8}") = "Task2", "Task2", "{EB87DB78-CF51-4167-89E5-CFB1B2397AF5}"
EndProject
Project("{2150E333-8FDC-42A3-9474-1A3956D46DE8}") = "Task3", "Task3", "{BEEE80C1-2BD8-48D8-B964-8857DB44DE8F}"
EndProject
Project("{2150E333-8FDC-42A3-9474-1A3956D46DE8}") = "Task4", "Task4", "{0F163A6B-6A35-497E-AFC3-79B1138DE384}"
EndProject
Project("{2150E333-8FDC-42A3-9474-1A3956D46DE8}") = "Task5", "Task5", "{4A0CDA85-BBAD-4BA6-8E7C-6713FDA38F48}"
EndProject
Project("{2150E333-8FDC-42A3-9474-1A3956D46DE8}") = "Task6", "Task6", "{A8F847B8-2908-4F4C-B184-F1029B04D5BC}"
EndProject
Project("{2150E333-8FDC-42A3-9474-1A3956D46DE8}") = "Task7", "Task7", "{DFC878EF-C384-4BEF-8D1D-D61E9E512571}"
EndProject
Project("{FAE04EC0-301F-11D3-BF4B-00C04F79EFBC}") = "Tyuiu.Tidzhanin.Sprint0.Task0.V0", "Tyuiu.Tidzhanin.Sprint0.Task0.V0\Tyuiu.Tidzhanin.Sprint0.Task0.V0.csproj", "{A86636EB-EB93-4296-9D05-5ABE4092B15F}"
EndProject
Project("{FAE04EC0-301F-11D3-BF4B-00C04F79EFBC}") = "Tyuiu.Tidzhanin.Sprint0.Task1.V0", "Tyuiu.Tidzhanin.Sprint0.Task1.V0\Tyuiu.Tidzhanin.Sprint0.Task1.V0.csproj", "{56D0DA7E-BE35-4E0F-BFDB-2C3BA49C164A}"
EndProject
Project("{FAE04EC0-301F-11D3-BF4B-00C04F79EFBC}") = "Tyuiu.Tidzhanin.Sprint0.Task2.V0", "Tyuiu.Tidzhanin.Sprint0.Task2.V0\Tyuiu.Tidzhanin.Sprint0.Task2.V0.csproj", "{840D3411-7F56-4482-AFB2-ADD8C5DA5172}"
EndProject
Project("{FAE04EC0-301F-11D3-BF4B-00C04F79EFBC}") = "Tyuiu.Tidzhanin.Sprint0.Task2.V0.Lib", "Tyuiu.Tidzhanin.Sprint0.Task2.V0.Lib\Tyuiu.Tidzhanin.Sprint0.Task2.V0.Lib.csproj", "{484B62FD-848D-4D73-AF8B-2AE6282C48AE}"
EndProject
Project("{FAE04EC0-301F-11D3-BF4B-00C04F79EFBC}") = "Tyuiu.Tidzhanin.Sprint0.Task2.V0.Test", "Tyuiu.Tidzhanin.Sprint0.Task2.V0.Test\Tyuiu.Tidzhanin.Sprint0.Task2.V0.Test.csproj", "{E3828E4C-40FA-4785-8D57-9B92C1BE33C9}"
EndProject
Project("{FAE04EC0-301F-11D3-BF4B-00C04F79EFBC}") = "Tyuiu.Tidzhanin.Sprint0.Task3.V0", "Tyuiu.Tidzhanin.Sprint0.Task3.V0\Tyuiu.Tidzhanin.Sprint0.Task3.V0.csproj", "{FBEEE815-4038-487D-9292-580734EEBDBA}"
EndProject
Project("{FAE04EC0-301F-11D3-BF4B-00C04F79EFBC}") = "Tyuiu.Tidzhanin.Sprint0.Task3.V0.Lib", "Tyuiu.Tidzhanin.Sprint0.Task3.V0.Lib\Tyuiu.Tidzhanin.Sprint0.Task3.V0.Lib.csproj", "{77D52637-61EE-4EA4-A8FD-5C202269D6F7}"
EndProject
Project("{FAE04EC0-301F-11D3-BF4B-00C04F79EFBC}") = "Tyuiu.Tidzhanin.Sprint0.Task3.V0.Test", "Tyuiu.Tidzhanin.Sprint0.Task3.V0.Test\Tyuiu.Tidzhanin.Sprint0.Task3.V0.Test.csproj", "{67B08BA1-9E21-4510-99D4-F12A3F225969}"
EndProject
Project("{FAE04EC0-301F-11D3-BF4B-00C04F79EFBC}") = "Tyuiu.Tidzhanin.Sprint0.Task4.V0", "Tyuiu.Tidzhanin.Sprint0.Task4.V0\Tyuiu.Tidzhanin.Sprint0.Task4.V0.csproj", "{0FF4734F-4622-4EAF-9686-0C7903B2F416}"
EndProject
Project("{FAE04EC0-301F-11D3-BF4B-00C04F79EFBC}") = "Tyuiu.Tidzhanin.Sprint0.Task4.V0.Lib", "Tyuiu.Tidzhanin.Sprint0.Task4.V0.Lib\Tyuiu.Tidzhanin.Sprint0.Task4.V0.Lib.csproj", "{A90807CF-60E7-40F0-8F6C-AAC4B97B3D4B}"
EndProject
Project("{FAE04EC0-301F-11D3-BF4B-00C04F79EFBC}") = "Tyuiu.Tidzhanin.Sprint0.Task4.V0.Test", "Tyuiu.Tidzhanin.Sprint0.Task4.V0.Test\Tyuiu.Tidzhanin.Sprint0.Task4.V0.Test.csproj", "{FB10E487-D97D-471B-B5FC-3336A3496570}"
EndProject
Project("{FAE04EC0-301F-11D3-BF4B-00C04F79EFBC}") = "Tyuiu.Tidzhanin.Sprint0.Task5.V0", "Tyuiu.Tidzhanin.Sprint0.Task5.V0\Tyuiu.Tidzhanin.Sprint0.Task5.V0.csproj", "{897EE290-8EC2-48B3-BCC2-B55399DB8FA6}"
EndProject
Project("{FAE04EC0-301F-11D3-BF4B-00C04F79EFBC}") = "Tyuiu.Tidzhanin.Sprint0.Task5.V0.Lib", "Tyuiu.Tidzhanin.Sprint0.Task5.V0.Lib\Tyuiu.Tidzhanin.Sprint0.Task5.V0.Lib.csproj", "{C2363F1F-FC2A-40EB-94CE-879D09CA326A}"
EndProject
Project("{FAE04EC0-301F-11D3-BF4B-00C04F79EFBC}") = "Tyuiu.Tidzhanin.Sprint0.Task5.V0.Test", "Tyuiu.Tidzhanin.Sprint0.Task5.V0.Test\Tyuiu.Tidzhanin.Sprint0.Task5.V0.Test.csproj", "{E0E0BC91-A05D-4B0E-A94A-3E11C6358DBA}"
EndProject
Global
	GlobalSection(SolutionConfigurationPlatforms) = preSolution
		Debug|Any CPU = Debug|Any CPU
		Release|Any CPU = Release|Any CPU
	EndGlobalSection
	GlobalSection(ProjectConfigurationPlatforms) = postSolution
		{A86636EB-EB93-4296-9D05-5ABE4092B15F}.Debug|Any CPU.ActiveCfg = Debug|Any CPU
		{A86636EB-EB93-4296-9D05-5ABE4092B15F}.Debug|Any CPU.Build.0 = Debug|Any CPU
		{A86636EB-EB93-4296-9D05-5ABE4092B15F}.Release|Any CPU.ActiveCfg = Release|Any CPU
		{A86636EB-EB93-4296-9D05-5ABE4092B15F}.Release|Any CPU.Build.0 = Release|Any CPU
		{56D0DA7E-BE35-4E0F-BFDB-2C3BA49C164A}.Debug|Any CPU.ActiveCfg = Debug|Any CPU
		{56D0DA7E-BE35-4E0F-BFDB-2C3BA49C164A}.Debug|Any CPU.Build.0 = Debug|Any CPU
		{56D0DA7E-BE35-4E0F-BFDB-2C3BA49C164A}.Release|Any CPU.ActiveCfg = Release|Any CPU
		{56D0DA7E-BE35-4E0F-BFDB-2C3BA49C164A}.Release|Any CPU.Build.0 = Release|Any CPU
		{840D3411-7F56-4482-AFB2-ADD8C5DA5172}.Debug|Any CPU.ActiveCfg = Debug|Any CPU
		{840D3411-7F56-4482-AFB2-ADD8C5DA5172}.Debug|Any CPU.Build.0 = Debug|Any CPU
		{840D3411-7F56-4482-AFB2-ADD8C5DA5172}.Release|Any CPU.ActiveCfg = Release|Any CPU
		{840D3411-7F56-4482-AFB2-ADD8C5DA5172}.Release|Any CPU.Build.0 = Release|Any CPU
		{484B62FD-848D-4D73-AF8B-2AE6282C48AE}.Debug|Any CPU.ActiveCfg = Debug|Any CPU
		{484B62FD-848D-4D73-AF8B-2AE6282C48AE}.Debug|Any CPU.Build.0 = Debug|Any CPU
		{484B62FD-848D-4D73-AF8B-2AE6282C48AE}.Release|Any CPU.ActiveCfg = Release|Any CPU
		{484B62FD-848D-4D73-AF8B-2AE6282C48AE}.Release|Any CPU.Build.0 = Release|Any CPU
		{E3828E4C-40FA-4785-8D57-9B92C1BE33C9}.Debug|Any CPU.ActiveCfg = Debug|Any CPU
		{E3828E4C-40FA-4785-8D57-9B92C1BE33C9}.Debug|Any CPU.Build.0 = Debug|Any CPU
		{E3828E4C-40FA-4785-8D57-9B92C1BE33C9}.Release|Any CPU.ActiveCfg = Release|Any CPU
		{E3828E4C-40FA-4785-8D57-9B92C1BE33C9}.Release|Any CPU.Build.0 = Release|Any CPU
		{FBEEE815-4038-487D-9292-580734EEBDBA}.Debug|Any CPU.ActiveCfg = Debug|Any CPU
		{FBEEE815-4038-487D-9292-580734EEBDBA}.Debug|Any CPU.Build.0 = Debug|Any CPU
		{FBEEE815-4038-487D-9292-580734EEBDBA}.Release|Any CPU.ActiveCfg = Release|Any CPU
		{FBEEE815-4038-487D-9292-580734EEBDBA}.Release|Any CPU.Build.0 = Release|Any CPU
		{77D52637-61EE-4EA4-A8FD-5C202269D6F7}.Debug|Any CPU.ActiveCfg = Debug|Any CPU
		{77D52637-61EE-4EA4-A8FD-5C202269D6F7}.Debug|Any CPU.Build.0 = Debug|Any CPU
		{77D52637-61EE-4EA4-A8FD-5C202269D6F7}.Release|Any CPU.ActiveCfg = Release|Any CPU
		{77D52637-61EE-4EA4-A8FD-5C202269D6F7}.Release|Any CPU.Build.0 = Release|Any CPU
		{67B08BA1-9E21-4510-99D4-F12A3F225969}.Debug|Any CPU.ActiveCfg = Debug|Any CPU
		{67B08BA1-9E21-4510-99D4-F12A3F225969}.Debug|Any CPU.Build.0 = Debug|Any CPU
		{67B08BA1-9E21-4510-99D4-F12A3F225969}.Release|Any CPU.ActiveCfg = Release|Any CPU
		{67B08BA1-9E21-4510-99D4-F12A3F225969}.Release|Any CPU.Build.0 = Release|Any CPU
		{0FF4734F-4622-4EAF-9686-0C7903B2F416}.Debug|Any CPU.ActiveCfg = Debug|Any CPU
		{0FF4734F-4622-4EAF-9686-0C7903B2F416}.Debug|Any CPU.Build.0 = Debug|Any CPU
		{0FF4734F-4622-4EAF-9686-0C7903B2F416}.Release|Any CPU.ActiveCfg = Release|Any CPU
		{0FF4734F-4622-4EAF-9686-0C7903B2F416}.Release|Any CPU.Build.0 = Release|Any CPU
		{A90807CF-60E7-40F0-8F6C-AAC4B97B3D4B}.Debug|Any CPU.ActiveCfg = Debug|Any CPU
		{A90807CF-60E7-40F0-8F6C-AAC4B97B3D4B}.Debug|Any CPU.Build.0 = Debug|Any CPU
		{A90807CF-60E7-40F0-8F6C-AAC4B97B3D4B}.Release|Any CPU.ActiveCfg = Release|Any CPU
		{A90807CF-60E7-40F0-8F6C-AAC4B97B3D4B}.Release|Any CPU.Build.0 = Release|Any CPU
		{FB10E487-D97D-471B-B5FC-3336A3496570}.Debug|Any CPU.ActiveCfg = Debug|Any CPU
		{FB10E487-D97D-471B-B5FC-3336A3496570}.Debug|Any CPU.Build.0 = Debug|Any CPU
		{FB10E487-D97D-471B-B5FC-3336A3496570}.Release|Any CPU.ActiveCfg = Release|Any CPU
		{FB10E487-D97D-471B-B5FC-3336A3496570}.Release|Any CPU.Build.0 = Release|Any CPU
		{897EE290-8EC2-48B3-BCC2-B55399DB8FA6}.Debug|Any CPU.ActiveCfg = Debug|Any CPU
		{897EE290-8EC2-48B3-BCC2-B55399DB8FA6}.Debug|Any CPU.Build.0 = Debug|Any CPU
		{897EE290-8EC2-48B3-BCC2-B55399DB8FA6}.Release|Any CPU.ActiveCfg = Release|Any CPU
		{897EE290-8EC2-48B3-BCC2-B55399DB8FA6}.Release|Any CPU.Build.0 = Release|Any CPU
		{C2363F1F-FC2A-40EB-94CE-879D09CA326A}.Debug|Any CPU.ActiveCfg = Debug|Any CPU
		{C2363F1F-FC2A-40EB-94CE-879D09CA326A}.Debug|Any CPU.Build.0 = Debug|Any CPU
		{C2363F1F-FC2A-40EB-94CE-879D09CA326A}.Release|Any CPU.ActiveCfg = Release|Any CPU
		{C2363F1F-FC2A-40EB-94CE-879D09CA326A}.Release|Any CPU.Build.0 = Release|Any CPU
		{E0E0BC91-A05D-4B0E-A94A-3E11C6358DBA}.Debug|Any CPU.ActiveCfg = Debug|Any CPU
		{E0E0BC91-A05D-4B0E-A94A-3E11C6358DBA}.Debug|Any CPU.Build.0 = Debug|Any CPU
		{E0E0BC91-A05D-4B0E-A94A-3E11C6358DBA}.Release|Any CPU.ActiveCfg = Release|Any CPU
		{E0E0BC91-A05D-4B0E-A94A-3E11C6358DBA}.Release|Any CPU.Build.0 = Release|Any CPU
	EndGlobalSection
	GlobalSection(SolutionProperties) = preSolution
		HideSolutionNode = FALSE
	EndGlobalSection
	GlobalSection(NestedProjects) = preSolution
		{A86636EB-EB93-4296-9D05-5ABE4092B15F} = {02EA681E-C7D8-13C7-8484-4AC65E1B71E8}
		{56D0DA7E-BE35-4E0F-BFDB-2C3BA49C164A} = {15B11D65-B2D5-4761-8EF3-2B67E33BD304}
		{840D3411-7F56-4482-AFB2-ADD8C5DA5172} = {EB87DB78-CF51-4167-89E5-CFB1B2397AF5}
		{484B62FD-848D-4D73-AF8B-2AE6282C48AE} = {EB87DB78-CF51-4167-89E5-CFB1B2397AF5}
		{E3828E4C-40FA-4785-8D57-9B92C1BE33C9} = {EB87DB78-CF51-4167-89E5-CFB1B2397AF5}
		{FBEEE815-4038-487D-9292-580734EEBDBA} = {BEEE80C1-2BD8-48D8-B964-8857DB44DE8F}
		{77D52637-61EE-4EA4-A8FD-5C202269D6F7} = {BEEE80C1-2BD8-48D8-B964-8857DB44DE8F}
		{67B08BA1-9E21-4510-99D4-F12A3F225969} = {BEEE80C1-2BD8-48D8-B964-8857DB44DE8F}
		{0FF4734F-4622-4EAF-9686-0C7903B2F416} = {0F163A6B-6A35-497E-AFC3-79B1138DE384}
		{A90807CF-60E7-40F0-8F6C-AAC4B97B3D4B} = {0F163A6B-6A35-497E-AFC3-79B1138DE384}
		{FB10E487-D97D-471B-B5FC-3336A3496570} = {0F163A6B-6A35-497E-AFC3-79B1138DE384}
		{897EE290-8EC2-48B3-BCC2-B55399DB8FA6} = {4A0CDA85-BBAD-4BA6-8E7C-6713FDA38F48}
		{C2363F1F-FC2A-40EB-94CE-879D09CA326A} = {4A0CDA85-BBAD-4BA6-8E7C-6713FDA38F48}
		{E0E0BC91-A05D-4B0E-A94A-3E11C6358DBA} = {4A0CDA85-BBAD-4BA6-8E7C-6713FDA38F48}
	EndGlobalSection
	GlobalSection(ExtensibilityGlobals) = postSolution
		SolutionGuid = {E76F52E8-8F58-4612-87F2-EC56BD7F0222}
	EndGlobalSection
EndGlobal
