
Microsoft Visual Studio Solution File, Format Version 12.00
# Visual Studio Version 17
VisualStudioVersion = 17.14.36429.23 d17.14
MinimumVisualStudioVersion = 10.0.40219.1
Project("{2150E333-8FDC-42A3-9474-1A3956D46DE8}") = "Task0", "Task0", "{02EA681E-C7D8-13C7-8484-4AC65E1B71E8}"
EndProject
Project("{2150E333-8FDC-42A3-9474-1A3956D46DE8}") = "Task1", "Task1", "{15B11D65-B2D5-4761-8EF3-2B67E33BD304}"
EndProject
Project("{2150E333-8FDC-42A3-9474-1A3956D46DE8}") = "Task2", "Task2", "{EB87DB78-CF51-4167-89E5-CFB1B2397AF5}"
EndProject
Project("{2150E333-8FDC-42A3-9474-1A3956D46DE8}") = "Task3", "Task3", "{BEEE80C1-2BD8-48D8-B964-8857DB44DE8F}"
EndProject
Project("{2150E333-8FDC-42A3-9474-1A3956D46DE8}") = "Task4", "Task4", "{0F163A6B-6A35-497E-AFC3-79B1138DE384}"
EndProject
Project("{2150E333-8FDC-42A3-9474-1A3956D46DE8}") = "Task5", "Task5", "{4A0CDA85-BBAD-4BA6-8E7C-6713FDA38F48}"
EndProject
Project("{2150E333-8FDC-42A3-9474-1A3956D46DE8}") = "Task6", "Task6", "{A8F847B8-2908-4F4C-B184-F1029B04D5BC}"
EndProject
Project("{2150E333-8FDC-42A3-9474-1A3956D46DE8}") = "Task7", "Task7", "{DFC878EF-C384-4BEF-8D1D-D61E9E512571}"
EndProject
Project("{FAE04EC0-301F-11D3-BF4B-00C04F79EFBC}") = "Tyuiu.Tidzhanin.Sprint0.Task0.V0", "Tyuiu.Tidzhanin.Sprint0.Task0.V0\Tyuiu.Tidzhanin.Sprint0.Task0.V0.csproj", "{A86636EB-EB93-4296-9D05-5ABE4092B15F}"
EndProject
Project("{FAE04EC0-301F-11D3-BF4B-00C04F79EFBC}") = "Tyuiu.Tidzhanin.Sprint0.Task1.V0", "Tyuiu.Tidzhanin.Sprint0.Task1.V0\Tyuiu.Tidzhanin.Sprint0.Task1.V0.csproj", "{56D0DA7E-BE35-4E0F-BFDB-2C3BA49C164A}"
EndProject
Global
	GlobalSection(SolutionConfigurationPlatforms) = preSolution
		Debug|Any CPU = Debug|Any CPU
		Release|Any CPU = Release|Any CPU
	EndGlobalSection
	GlobalSection(ProjectConfigurationPlatforms) = postSolution
		{A86636EB-EB93-4296-9D05-5ABE4092B15F}.Debug|Any CPU.ActiveCfg = Debug|Any CPU
		{A86636EB-EB93-4296-9D05-5ABE4092B15F}.Debug|Any CPU.Build.0 = Debug|Any CPU
		{A86636EB-EB93-4296-9D05-5ABE4092B15F}.Release|Any CPU.ActiveCfg = Release|Any CPU
		{A86636EB-EB93-4296-9D05-5ABE4092B15F}.Release|Any CPU.Build.0 = Release|Any CPU
		{56D0DA7E-BE35-4E0F-BFDB-2C3BA49C164A}.Debug|Any CPU.ActiveCfg = Debug|Any CPU
		{56D0DA7E-BE35-4E0F-BFDB-2C3BA49C164A}.Debug|Any CPU.Build.0 = Debug|Any CPU
		{56D0DA7E-BE35-4E0F-BFDB-2C3BA49C164A}.Release|Any CPU.ActiveCfg = Release|Any CPU
		{56D0DA7E-BE35-4E0F-BFDB-2C3BA49C164A}.Release|Any CPU.Build.0 = Release|Any CPU
	EndGlobalSection
	GlobalSection(SolutionProperties) = preSolution
		HideSolutionNode = FALSE
	EndGlobalSection
	GlobalSection(NestedProjects) = preSolution
		{A86636EB-EB93-4296-9D05-5ABE4092B15F} = {02EA681E-C7D8-13C7-8484-4AC65E1B71E8}
		{56D0DA7E-BE35-4E0F-BFDB-2C3BA49C164A} = {15B11D65-B2D5-4761-8EF3-2B67E33BD304}
	EndGlobalSection
	GlobalSection(ExtensibilityGlobals) = postSolution
		SolutionGuid = {E76F52E8-8F58-4612-87F2-EC56BD7F0222}
	EndGlobalSection
EndGlobal
